Microsoft Visual Studio Solution File, Format Version 12.00
# Visual Studio 14
VisualStudioVersion = 14.0.25123.0
MinimumVisualStudioVersion = 10.0.40219.1
Project("{2150E333-8FDC-42A3-9474-1A3956D46DE8}") = ".paket", ".paket", "{63297B98-5CED-492C-A5B7-A5B4F73CF142}"
	ProjectSection(SolutionItems) = preProject
		paket.dependencies = paket.dependencies
		paket.lock = paket.lock
	EndProjectSection
EndProject
Project("{2150E333-8FDC-42A3-9474-1A3956D46DE8}") = "docs", "docs", "{A6A6AF7D-D6E3-442D-9B1E-58CC91879BE1}"
EndProject
Project("{F2A71F9B-5D33-465A-A702-920D77279786}") = "Gjallarhorn", "src\Gjallarhorn\Gjallarhorn.fsproj", "{41FAB705-05F3-45AE-99EF-524E6D9736FF}"
EndProject
Project("{2150E333-8FDC-42A3-9474-1A3956D46DE8}") = "project", "project", "{BF60BC93-E09B-4E5F-9D85-95A519479D54}"
	ProjectSection(SolutionItems) = preProject
		build.fsx = build.fsx
		nuget\Gjallarhorn.nuspec = nuget\Gjallarhorn.nuspec
		README.md = README.md
		RELEASE_NOTES.md = RELEASE_NOTES.md
	EndProjectSection
EndProject
Project("{2150E333-8FDC-42A3-9474-1A3956D46DE8}") = "tools", "tools", "{83F16175-43B1-4C90-A1EE-8E351C33435D}"
	ProjectSection(SolutionItems) = preProject
		docs\tools\generate.fsx = docs\tools\generate.fsx
		docs\tools\templates\template.cshtml = docs\tools\templates\template.cshtml
	EndProjectSection
EndProject
Project("{2150E333-8FDC-42A3-9474-1A3956D46DE8}") = "content", "content", "{8E6D5255-776D-4B61-85F9-73C37AA1FB9A}"
	ProjectSection(SolutionItems) = preProject
		docs\content\index.fsx = docs\content\index.fsx
		docs\content\intro.fsx = docs\content\intro.fsx
		docs\content\mutables.fsx = docs\content\mutables.fsx
		docs\content\signals.fsx = docs\content\signals.fsx
		docs\content\validate_types.fsx = docs\content\validate_types.fsx
		docs\content\validation.fsx = docs\content\validation.fsx
	EndProjectSection
EndProject
Project("{2150E333-8FDC-42A3-9474-1A3956D46DE8}") = "tests", "tests", "{ED8079DD-2B06-4030-9F0F-DC548F98E1C4}"
EndProject
Project("{F2A71F9B-5D33-465A-A702-920D77279786}") = "Gjallarhorn.Tests", "tests\Gjallarhorn.Tests\Gjallarhorn.Tests.fsproj", "{E789C72A-5CFD-436B-8EF1-61AA2852A89F}"
EndProject
Project("{F2A71F9B-5D33-465A-A702-920D77279786}") = "Gjallarhorn.Bindable", "src\Gjallarhorn.Bindable\Gjallarhorn.Bindable.fsproj", "{DC46E916-06FC-4256-ACFC-EBC7C9DC95EA}"
EndProject
Project("{F2A71F9B-5D33-465A-A702-920D77279786}") = "Gjallarhorn.Bindable.Tests", "tests\Gjallarhorn.Bindable.Tests\Gjallarhorn.Bindable.Tests.fsproj", "{797AED1A-68E1-4110-A62C-917932166B24}"
EndProject
Project("{F2A71F9B-5D33-465A-A702-920D77279786}") = "Gjallarhorn.Bindable.Wpf", "src\Gjallarhorn.Bindable.Wpf\Gjallarhorn.Bindable.Wpf.fsproj", "{79269E6A-2C7E-442D-8B23-55B6D940A5D2}"
EndProject
Project("{2150E333-8FDC-42A3-9474-1A3956D46DE8}") = "samples", "samples", "{C844E206-BE5F-4335-B8F5-0472CF0A7369}"
EndProject
Project("{F2A71F9B-5D33-465A-A702-920D77279786}") = "Gjallarhorn.ReferenceDocumentation", "src\Gjallarhorn.ReferenceDocumentation\Gjallarhorn.ReferenceDocumentation.fsproj", "{5ACE0621-55CC-4DCD-A159-D7AB7D3057C6}"
EndProject
Project("{F2A71F9B-5D33-465A-A702-920D77279786}") = "WpfSimpleMvvmApplication", "samples\WpfSimpleMvvmApplication\WpfSimpleMvvmApplication.fsproj", "{6ED91D96-3519-4BA1-83EA-457FD5EDE893}"
EndProject
Project("{F2A71F9B-5D33-465A-A702-920D77279786}") = "WpfAddTwoNumbers", "samples\WpfAddTwoNumbers\WpfAddTwoNumbers.fsproj", "{573766AB-608F-4E48-AC8A-670C9FAD8EBB}"
EndProject
Project("{F2A71F9B-5D33-465A-A702-920D77279786}") = "Gjallarhorn.Bindable.XamarinForms", "src\Gjallarhorn.Bindable.XamarinForms\Gjallarhorn.Bindable.XamarinForms.fsproj", "{FDECDC7A-70FE-4C5F-9A92-24EE28D8D3FC}"
EndProject
Project("{2150E333-8FDC-42A3-9474-1A3956D46DE8}") = "Xamarin Forms", "Xamarin Forms", "{5F57842D-0355-4D32-994B-0FEE2879BA4E}"
EndProject
Project("{F2A71F9B-5D33-465A-A702-920D77279786}") = "SimpleDataEntry.Android", "samples\Xamarin Forms\SimpleDataEntry.Android\SimpleDataEntry.Android.fsproj", "{C8CD504A-80D5-4CED-A94D-1DFF4FCE7952}"
EndProject
Global
	GlobalSection(SolutionConfigurationPlatforms) = preSolution
		Ad-Hoc|Any CPU = Ad-Hoc|Any CPU
		Ad-Hoc|iPhone = Ad-Hoc|iPhone
		Ad-Hoc|iPhoneSimulator = Ad-Hoc|iPhoneSimulator
		AppStore|Any CPU = AppStore|Any CPU
		AppStore|iPhone = AppStore|iPhone
		AppStore|iPhoneSimulator = AppStore|iPhoneSimulator
		Debug|Any CPU = Debug|Any CPU
		Debug|iPhone = Debug|iPhone
		Debug|iPhoneSimulator = Debug|iPhoneSimulator
		Release|Any CPU = Release|Any CPU
		Release|iPhone = Release|iPhone
		Release|iPhoneSimulator = Release|iPhoneSimulator
	EndGlobalSection
	GlobalSection(ProjectConfigurationPlatforms) = postSolution
		{41FAB705-05F3-45AE-99EF-524E6D9736FF}.Ad-Hoc|Any CPU.ActiveCfg = Release|Any CPU
		{41FAB705-05F3-45AE-99EF-524E6D9736FF}.Ad-Hoc|Any CPU.Build.0 = Release|Any CPU
		{41FAB705-05F3-45AE-99EF-524E6D9736FF}.Ad-Hoc|iPhone.ActiveCfg = Release|Any CPU
		{41FAB705-05F3-45AE-99EF-524E6D9736FF}.Ad-Hoc|iPhone.Build.0 = Release|Any CPU
		{41FAB705-05F3-45AE-99EF-524E6D9736FF}.Ad-Hoc|iPhoneSimulator.ActiveCfg = Release|Any CPU
		{41FAB705-05F3-45AE-99EF-524E6D9736FF}.Ad-Hoc|iPhoneSimulator.Build.0 = Release|Any CPU
		{41FAB705-05F3-45AE-99EF-524E6D9736FF}.AppStore|Any CPU.ActiveCfg = Release|Any CPU
		{41FAB705-05F3-45AE-99EF-524E6D9736FF}.AppStore|Any CPU.Build.0 = Release|Any CPU
		{41FAB705-05F3-45AE-99EF-524E6D9736FF}.AppStore|iPhone.ActiveCfg = Release|Any CPU
		{41FAB705-05F3-45AE-99EF-524E6D9736FF}.AppStore|iPhone.Build.0 = Release|Any CPU
		{41FAB705-05F3-45AE-99EF-524E6D9736FF}.AppStore|iPhoneSimulator.ActiveCfg = Release|Any CPU
		{41FAB705-05F3-45AE-99EF-524E6D9736FF}.AppStore|iPhoneSimulator.Build.0 = Release|Any CPU
		{41FAB705-05F3-45AE-99EF-524E6D9736FF}.Debug|Any CPU.ActiveCfg = Debug|Any CPU
		{41FAB705-05F3-45AE-99EF-524E6D9736FF}.Debug|Any CPU.Build.0 = Debug|Any CPU
		{41FAB705-05F3-45AE-99EF-524E6D9736FF}.Debug|iPhone.ActiveCfg = Debug|Any CPU
		{41FAB705-05F3-45AE-99EF-524E6D9736FF}.Debug|iPhone.Build.0 = Debug|Any CPU
		{41FAB705-05F3-45AE-99EF-524E6D9736FF}.Debug|iPhoneSimulator.ActiveCfg = Debug|Any CPU
		{41FAB705-05F3-45AE-99EF-524E6D9736FF}.Debug|iPhoneSimulator.Build.0 = Debug|Any CPU
		{41FAB705-05F3-45AE-99EF-524E6D9736FF}.Release|Any CPU.ActiveCfg = Release|Any CPU
		{41FAB705-05F3-45AE-99EF-524E6D9736FF}.Release|Any CPU.Build.0 = Release|Any CPU
		{41FAB705-05F3-45AE-99EF-524E6D9736FF}.Release|iPhone.ActiveCfg = Release|Any CPU
		{41FAB705-05F3-45AE-99EF-524E6D9736FF}.Release|iPhone.Build.0 = Release|Any CPU
		{41FAB705-05F3-45AE-99EF-524E6D9736FF}.Release|iPhoneSimulator.ActiveCfg = Release|Any CPU
		{41FAB705-05F3-45AE-99EF-524E6D9736FF}.Release|iPhoneSimulator.Build.0 = Release|Any CPU
		{E789C72A-5CFD-436B-8EF1-61AA2852A89F}.Ad-Hoc|Any CPU.ActiveCfg = Release|Any CPU
		{E789C72A-5CFD-436B-8EF1-61AA2852A89F}.Ad-Hoc|Any CPU.Build.0 = Release|Any CPU
		{E789C72A-5CFD-436B-8EF1-61AA2852A89F}.Ad-Hoc|iPhone.ActiveCfg = Release|Any CPU
		{E789C72A-5CFD-436B-8EF1-61AA2852A89F}.Ad-Hoc|iPhone.Build.0 = Release|Any CPU
		{E789C72A-5CFD-436B-8EF1-61AA2852A89F}.Ad-Hoc|iPhoneSimulator.ActiveCfg = Release|Any CPU
		{E789C72A-5CFD-436B-8EF1-61AA2852A89F}.Ad-Hoc|iPhoneSimulator.Build.0 = Release|Any CPU
		{E789C72A-5CFD-436B-8EF1-61AA2852A89F}.AppStore|Any CPU.ActiveCfg = Release|Any CPU
		{E789C72A-5CFD-436B-8EF1-61AA2852A89F}.AppStore|Any CPU.Build.0 = Release|Any CPU
		{E789C72A-5CFD-436B-8EF1-61AA2852A89F}.AppStore|iPhone.ActiveCfg = Release|Any CPU
		{E789C72A-5CFD-436B-8EF1-61AA2852A89F}.AppStore|iPhone.Build.0 = Release|Any CPU
		{E789C72A-5CFD-436B-8EF1-61AA2852A89F}.AppStore|iPhoneSimulator.ActiveCfg = Release|Any CPU
		{E789C72A-5CFD-436B-8EF1-61AA2852A89F}.AppStore|iPhoneSimulator.Build.0 = Release|Any CPU
		{E789C72A-5CFD-436B-8EF1-61AA2852A89F}.Debug|Any CPU.ActiveCfg = Debug|Any CPU
		{E789C72A-5CFD-436B-8EF1-61AA2852A89F}.Debug|Any CPU.Build.0 = Debug|Any CPU
		{E789C72A-5CFD-436B-8EF1-61AA2852A89F}.Debug|iPhone.ActiveCfg = Debug|Any CPU
		{E789C72A-5CFD-436B-8EF1-61AA2852A89F}.Debug|iPhone.Build.0 = Debug|Any CPU
		{E789C72A-5CFD-436B-8EF1-61AA2852A89F}.Debug|iPhoneSimulator.ActiveCfg = Debug|Any CPU
		{E789C72A-5CFD-436B-8EF1-61AA2852A89F}.Debug|iPhoneSimulator.Build.0 = Debug|Any CPU
		{E789C72A-5CFD-436B-8EF1-61AA2852A89F}.Release|Any CPU.ActiveCfg = Release|Any CPU
		{E789C72A-5CFD-436B-8EF1-61AA2852A89F}.Release|Any CPU.Build.0 = Release|Any CPU
		{E789C72A-5CFD-436B-8EF1-61AA2852A89F}.Release|iPhone.ActiveCfg = Release|Any CPU
		{E789C72A-5CFD-436B-8EF1-61AA2852A89F}.Release|iPhone.Build.0 = Release|Any CPU
		{E789C72A-5CFD-436B-8EF1-61AA2852A89F}.Release|iPhoneSimulator.ActiveCfg = Release|Any CPU
		{E789C72A-5CFD-436B-8EF1-61AA2852A89F}.Release|iPhoneSimulator.Build.0 = Release|Any CPU
		{DC46E916-06FC-4256-ACFC-EBC7C9DC95EA}.Ad-Hoc|Any CPU.ActiveCfg = Release|Any CPU
		{DC46E916-06FC-4256-ACFC-EBC7C9DC95EA}.Ad-Hoc|Any CPU.Build.0 = Release|Any CPU
		{DC46E916-06FC-4256-ACFC-EBC7C9DC95EA}.Ad-Hoc|iPhone.ActiveCfg = Release|Any CPU
		{DC46E916-06FC-4256-ACFC-EBC7C9DC95EA}.Ad-Hoc|iPhone.Build.0 = Release|Any CPU
		{DC46E916-06FC-4256-ACFC-EBC7C9DC95EA}.Ad-Hoc|iPhoneSimulator.ActiveCfg = Release|Any CPU
		{DC46E916-06FC-4256-ACFC-EBC7C9DC95EA}.Ad-Hoc|iPhoneSimulator.Build.0 = Release|Any CPU
		{DC46E916-06FC-4256-ACFC-EBC7C9DC95EA}.AppStore|Any CPU.ActiveCfg = Release|Any CPU
		{DC46E916-06FC-4256-ACFC-EBC7C9DC95EA}.AppStore|Any CPU.Build.0 = Release|Any CPU
		{DC46E916-06FC-4256-ACFC-EBC7C9DC95EA}.AppStore|iPhone.ActiveCfg = Release|Any CPU
		{DC46E916-06FC-4256-ACFC-EBC7C9DC95EA}.AppStore|iPhone.Build.0 = Release|Any CPU
		{DC46E916-06FC-4256-ACFC-EBC7C9DC95EA}.AppStore|iPhoneSimulator.ActiveCfg = Release|Any CPU
		{DC46E916-06FC-4256-ACFC-EBC7C9DC95EA}.AppStore|iPhoneSimulator.Build.0 = Release|Any CPU
		{DC46E916-06FC-4256-ACFC-EBC7C9DC95EA}.Debug|Any CPU.ActiveCfg = Debug|Any CPU
		{DC46E916-06FC-4256-ACFC-EBC7C9DC95EA}.Debug|Any CPU.Build.0 = Debug|Any CPU
		{DC46E916-06FC-4256-ACFC-EBC7C9DC95EA}.Debug|iPhone.ActiveCfg = Debug|Any CPU
		{DC46E916-06FC-4256-ACFC-EBC7C9DC95EA}.Debug|iPhone.Build.0 = Debug|Any CPU
		{DC46E916-06FC-4256-ACFC-EBC7C9DC95EA}.Debug|iPhoneSimulator.ActiveCfg = Debug|Any CPU
		{DC46E916-06FC-4256-ACFC-EBC7C9DC95EA}.Debug|iPhoneSimulator.Build.0 = Debug|Any CPU
		{DC46E916-06FC-4256-ACFC-EBC7C9DC95EA}.Release|Any CPU.ActiveCfg = Release|Any CPU
		{DC46E916-06FC-4256-ACFC-EBC7C9DC95EA}.Release|Any CPU.Build.0 = Release|Any CPU
		{DC46E916-06FC-4256-ACFC-EBC7C9DC95EA}.Release|iPhone.ActiveCfg = Release|Any CPU
		{DC46E916-06FC-4256-ACFC-EBC7C9DC95EA}.Release|iPhone.Build.0 = Release|Any CPU
		{DC46E916-06FC-4256-ACFC-EBC7C9DC95EA}.Release|iPhoneSimulator.ActiveCfg = Release|Any CPU
		{DC46E916-06FC-4256-ACFC-EBC7C9DC95EA}.Release|iPhoneSimulator.Build.0 = Release|Any CPU
		{797AED1A-68E1-4110-A62C-917932166B24}.Ad-Hoc|Any CPU.ActiveCfg = Release|Any CPU
		{797AED1A-68E1-4110-A62C-917932166B24}.Ad-Hoc|Any CPU.Build.0 = Release|Any CPU
		{797AED1A-68E1-4110-A62C-917932166B24}.Ad-Hoc|iPhone.ActiveCfg = Release|Any CPU
		{797AED1A-68E1-4110-A62C-917932166B24}.Ad-Hoc|iPhone.Build.0 = Release|Any CPU
		{797AED1A-68E1-4110-A62C-917932166B24}.Ad-Hoc|iPhoneSimulator.ActiveCfg = Release|Any CPU
		{797AED1A-68E1-4110-A62C-917932166B24}.Ad-Hoc|iPhoneSimulator.Build.0 = Release|Any CPU
		{797AED1A-68E1-4110-A62C-917932166B24}.AppStore|Any CPU.ActiveCfg = Release|Any CPU
		{797AED1A-68E1-4110-A62C-917932166B24}.AppStore|Any CPU.Build.0 = Release|Any CPU
		{797AED1A-68E1-4110-A62C-917932166B24}.AppStore|iPhone.ActiveCfg = Release|Any CPU
		{797AED1A-68E1-4110-A62C-917932166B24}.AppStore|iPhone.Build.0 = Release|Any CPU
		{797AED1A-68E1-4110-A62C-917932166B24}.AppStore|iPhoneSimulator.ActiveCfg = Release|Any CPU
		{797AED1A-68E1-4110-A62C-917932166B24}.AppStore|iPhoneSimulator.Build.0 = Release|Any CPU
		{797AED1A-68E1-4110-A62C-917932166B24}.Debug|Any CPU.ActiveCfg = Debug|Any CPU
		{797AED1A-68E1-4110-A62C-917932166B24}.Debug|Any CPU.Build.0 = Debug|Any CPU
		{797AED1A-68E1-4110-A62C-917932166B24}.Debug|iPhone.ActiveCfg = Debug|Any CPU
		{797AED1A-68E1-4110-A62C-917932166B24}.Debug|iPhone.Build.0 = Debug|Any CPU
		{797AED1A-68E1-4110-A62C-917932166B24}.Debug|iPhoneSimulator.ActiveCfg = Debug|Any CPU
		{797AED1A-68E1-4110-A62C-917932166B24}.Debug|iPhoneSimulator.Build.0 = Debug|Any CPU
		{797AED1A-68E1-4110-A62C-917932166B24}.Release|Any CPU.ActiveCfg = Release|Any CPU
		{797AED1A-68E1-4110-A62C-917932166B24}.Release|Any CPU.Build.0 = Release|Any CPU
		{797AED1A-68E1-4110-A62C-917932166B24}.Release|iPhone.ActiveCfg = Release|Any CPU
		{797AED1A-68E1-4110-A62C-917932166B24}.Release|iPhone.Build.0 = Release|Any CPU
		{797AED1A-68E1-4110-A62C-917932166B24}.Release|iPhoneSimulator.ActiveCfg = Release|Any CPU
		{797AED1A-68E1-4110-A62C-917932166B24}.Release|iPhoneSimulator.Build.0 = Release|Any CPU
		{79269E6A-2C7E-442D-8B23-55B6D940A5D2}.Ad-Hoc|Any CPU.ActiveCfg = Release|Any CPU
		{79269E6A-2C7E-442D-8B23-55B6D940A5D2}.Ad-Hoc|Any CPU.Build.0 = Release|Any CPU
		{79269E6A-2C7E-442D-8B23-55B6D940A5D2}.Ad-Hoc|iPhone.ActiveCfg = Release|Any CPU
		{79269E6A-2C7E-442D-8B23-55B6D940A5D2}.Ad-Hoc|iPhone.Build.0 = Release|Any CPU
		{79269E6A-2C7E-442D-8B23-55B6D940A5D2}.Ad-Hoc|iPhoneSimulator.ActiveCfg = Release|Any CPU
		{79269E6A-2C7E-442D-8B23-55B6D940A5D2}.Ad-Hoc|iPhoneSimulator.Build.0 = Release|Any CPU
		{79269E6A-2C7E-442D-8B23-55B6D940A5D2}.AppStore|Any CPU.ActiveCfg = Release|Any CPU
		{79269E6A-2C7E-442D-8B23-55B6D940A5D2}.AppStore|Any CPU.Build.0 = Release|Any CPU
		{79269E6A-2C7E-442D-8B23-55B6D940A5D2}.AppStore|iPhone.ActiveCfg = Release|Any CPU
		{79269E6A-2C7E-442D-8B23-55B6D940A5D2}.AppStore|iPhone.Build.0 = Release|Any CPU
		{79269E6A-2C7E-442D-8B23-55B6D940A5D2}.AppStore|iPhoneSimulator.ActiveCfg = Release|Any CPU
		{79269E6A-2C7E-442D-8B23-55B6D940A5D2}.AppStore|iPhoneSimulator.Build.0 = Release|Any CPU
		{79269E6A-2C7E-442D-8B23-55B6D940A5D2}.Debug|Any CPU.ActiveCfg = Debug|Any CPU
		{79269E6A-2C7E-442D-8B23-55B6D940A5D2}.Debug|Any CPU.Build.0 = Debug|Any CPU
		{79269E6A-2C7E-442D-8B23-55B6D940A5D2}.Debug|iPhone.ActiveCfg = Debug|Any CPU
		{79269E6A-2C7E-442D-8B23-55B6D940A5D2}.Debug|iPhone.Build.0 = Debug|Any CPU
		{79269E6A-2C7E-442D-8B23-55B6D940A5D2}.Debug|iPhoneSimulator.ActiveCfg = Debug|Any CPU
		{79269E6A-2C7E-442D-8B23-55B6D940A5D2}.Debug|iPhoneSimulator.Build.0 = Debug|Any CPU
		{79269E6A-2C7E-442D-8B23-55B6D940A5D2}.Release|Any CPU.ActiveCfg = Release|Any CPU
		{79269E6A-2C7E-442D-8B23-55B6D940A5D2}.Release|Any CPU.Build.0 = Release|Any CPU
		{79269E6A-2C7E-442D-8B23-55B6D940A5D2}.Release|iPhone.ActiveCfg = Release|Any CPU
		{79269E6A-2C7E-442D-8B23-55B6D940A5D2}.Release|iPhone.Build.0 = Release|Any CPU
		{79269E6A-2C7E-442D-8B23-55B6D940A5D2}.Release|iPhoneSimulator.ActiveCfg = Release|Any CPU
		{79269E6A-2C7E-442D-8B23-55B6D940A5D2}.Release|iPhoneSimulator.Build.0 = Release|Any CPU
		{5ACE0621-55CC-4DCD-A159-D7AB7D3057C6}.Ad-Hoc|Any CPU.ActiveCfg = Release|Any CPU
		{5ACE0621-55CC-4DCD-A159-D7AB7D3057C6}.Ad-Hoc|Any CPU.Build.0 = Release|Any CPU
		{5ACE0621-55CC-4DCD-A159-D7AB7D3057C6}.Ad-Hoc|iPhone.ActiveCfg = Release|Any CPU
		{5ACE0621-55CC-4DCD-A159-D7AB7D3057C6}.Ad-Hoc|iPhone.Build.0 = Release|Any CPU
		{5ACE0621-55CC-4DCD-A159-D7AB7D3057C6}.Ad-Hoc|iPhoneSimulator.ActiveCfg = Release|Any CPU
		{5ACE0621-55CC-4DCD-A159-D7AB7D3057C6}.Ad-Hoc|iPhoneSimulator.Build.0 = Release|Any CPU
		{5ACE0621-55CC-4DCD-A159-D7AB7D3057C6}.AppStore|Any CPU.ActiveCfg = Release|Any CPU
		{5ACE0621-55CC-4DCD-A159-D7AB7D3057C6}.AppStore|Any CPU.Build.0 = Release|Any CPU
		{5ACE0621-55CC-4DCD-A159-D7AB7D3057C6}.AppStore|iPhone.ActiveCfg = Release|Any CPU
		{5ACE0621-55CC-4DCD-A159-D7AB7D3057C6}.AppStore|iPhone.Build.0 = Release|Any CPU
		{5ACE0621-55CC-4DCD-A159-D7AB7D3057C6}.AppStore|iPhoneSimulator.ActiveCfg = Release|Any CPU
		{5ACE0621-55CC-4DCD-A159-D7AB7D3057C6}.AppStore|iPhoneSimulator.Build.0 = Release|Any CPU
		{5ACE0621-55CC-4DCD-A159-D7AB7D3057C6}.Debug|Any CPU.ActiveCfg = Debug|Any CPU
		{5ACE0621-55CC-4DCD-A159-D7AB7D3057C6}.Debug|Any CPU.Build.0 = Debug|Any CPU
		{5ACE0621-55CC-4DCD-A159-D7AB7D3057C6}.Debug|iPhone.ActiveCfg = Debug|Any CPU
		{5ACE0621-55CC-4DCD-A159-D7AB7D3057C6}.Debug|iPhone.Build.0 = Debug|Any CPU
		{5ACE0621-55CC-4DCD-A159-D7AB7D3057C6}.Debug|iPhoneSimulator.ActiveCfg = Debug|Any CPU
		{5ACE0621-55CC-4DCD-A159-D7AB7D3057C6}.Debug|iPhoneSimulator.Build.0 = Debug|Any CPU
		{5ACE0621-55CC-4DCD-A159-D7AB7D3057C6}.Release|Any CPU.ActiveCfg = Release|Any CPU
		{5ACE0621-55CC-4DCD-A159-D7AB7D3057C6}.Release|Any CPU.Build.0 = Release|Any CPU
		{5ACE0621-55CC-4DCD-A159-D7AB7D3057C6}.Release|iPhone.ActiveCfg = Release|Any CPU
		{5ACE0621-55CC-4DCD-A159-D7AB7D3057C6}.Release|iPhone.Build.0 = Release|Any CPU
		{5ACE0621-55CC-4DCD-A159-D7AB7D3057C6}.Release|iPhoneSimulator.ActiveCfg = Release|Any CPU
		{5ACE0621-55CC-4DCD-A159-D7AB7D3057C6}.Release|iPhoneSimulator.Build.0 = Release|Any CPU
		{6ED91D96-3519-4BA1-83EA-457FD5EDE893}.Ad-Hoc|Any CPU.ActiveCfg = Release|Any CPU
		{6ED91D96-3519-4BA1-83EA-457FD5EDE893}.Ad-Hoc|Any CPU.Build.0 = Release|Any CPU
		{6ED91D96-3519-4BA1-83EA-457FD5EDE893}.Ad-Hoc|iPhone.ActiveCfg = Release|Any CPU
		{6ED91D96-3519-4BA1-83EA-457FD5EDE893}.Ad-Hoc|iPhone.Build.0 = Release|Any CPU
		{6ED91D96-3519-4BA1-83EA-457FD5EDE893}.Ad-Hoc|iPhoneSimulator.ActiveCfg = Release|Any CPU
		{6ED91D96-3519-4BA1-83EA-457FD5EDE893}.Ad-Hoc|iPhoneSimulator.Build.0 = Release|Any CPU
		{6ED91D96-3519-4BA1-83EA-457FD5EDE893}.AppStore|Any CPU.ActiveCfg = Release|Any CPU
		{6ED91D96-3519-4BA1-83EA-457FD5EDE893}.AppStore|Any CPU.Build.0 = Release|Any CPU
		{6ED91D96-3519-4BA1-83EA-457FD5EDE893}.AppStore|iPhone.ActiveCfg = Release|Any CPU
		{6ED91D96-3519-4BA1-83EA-457FD5EDE893}.AppStore|iPhone.Build.0 = Release|Any CPU
		{6ED91D96-3519-4BA1-83EA-457FD5EDE893}.AppStore|iPhoneSimulator.ActiveCfg = Release|Any CPU
		{6ED91D96-3519-4BA1-83EA-457FD5EDE893}.AppStore|iPhoneSimulator.Build.0 = Release|Any CPU
		{6ED91D96-3519-4BA1-83EA-457FD5EDE893}.Debug|Any CPU.ActiveCfg = Debug|Any CPU
		{6ED91D96-3519-4BA1-83EA-457FD5EDE893}.Debug|Any CPU.Build.0 = Debug|Any CPU
		{6ED91D96-3519-4BA1-83EA-457FD5EDE893}.Debug|iPhone.ActiveCfg = Debug|Any CPU
		{6ED91D96-3519-4BA1-83EA-457FD5EDE893}.Debug|iPhone.Build.0 = Debug|Any CPU
		{6ED91D96-3519-4BA1-83EA-457FD5EDE893}.Debug|iPhoneSimulator.ActiveCfg = Debug|Any CPU
		{6ED91D96-3519-4BA1-83EA-457FD5EDE893}.Debug|iPhoneSimulator.Build.0 = Debug|Any CPU
		{6ED91D96-3519-4BA1-83EA-457FD5EDE893}.Release|Any CPU.ActiveCfg = Release|Any CPU
		{6ED91D96-3519-4BA1-83EA-457FD5EDE893}.Release|Any CPU.Build.0 = Release|Any CPU
		{6ED91D96-3519-4BA1-83EA-457FD5EDE893}.Release|iPhone.ActiveCfg = Release|Any CPU
		{6ED91D96-3519-4BA1-83EA-457FD5EDE893}.Release|iPhone.Build.0 = Release|Any CPU
		{6ED91D96-3519-4BA1-83EA-457FD5EDE893}.Release|iPhoneSimulator.ActiveCfg = Release|Any CPU
		{6ED91D96-3519-4BA1-83EA-457FD5EDE893}.Release|iPhoneSimulator.Build.0 = Release|Any CPU
		{573766AB-608F-4E48-AC8A-670C9FAD8EBB}.Ad-Hoc|Any CPU.ActiveCfg = Release|Any CPU
		{573766AB-608F-4E48-AC8A-670C9FAD8EBB}.Ad-Hoc|Any CPU.Build.0 = Release|Any CPU
		{573766AB-608F-4E48-AC8A-670C9FAD8EBB}.Ad-Hoc|iPhone.ActiveCfg = Release|Any CPU
		{573766AB-608F-4E48-AC8A-670C9FAD8EBB}.Ad-Hoc|iPhone.Build.0 = Release|Any CPU
		{573766AB-608F-4E48-AC8A-670C9FAD8EBB}.Ad-Hoc|iPhoneSimulator.ActiveCfg = Release|Any CPU
		{573766AB-608F-4E48-AC8A-670C9FAD8EBB}.Ad-Hoc|iPhoneSimulator.Build.0 = Release|Any CPU
		{573766AB-608F-4E48-AC8A-670C9FAD8EBB}.AppStore|Any CPU.ActiveCfg = Release|Any CPU
		{573766AB-608F-4E48-AC8A-670C9FAD8EBB}.AppStore|Any CPU.Build.0 = Release|Any CPU
		{573766AB-608F-4E48-AC8A-670C9FAD8EBB}.AppStore|iPhone.ActiveCfg = Release|Any CPU
		{573766AB-608F-4E48-AC8A-670C9FAD8EBB}.AppStore|iPhone.Build.0 = Release|Any CPU
		{573766AB-608F-4E48-AC8A-670C9FAD8EBB}.AppStore|iPhoneSimulator.ActiveCfg = Release|Any CPU
		{573766AB-608F-4E48-AC8A-670C9FAD8EBB}.AppStore|iPhoneSimulator.Build.0 = Release|Any CPU
		{573766AB-608F-4E48-AC8A-670C9FAD8EBB}.Debug|Any CPU.ActiveCfg = Debug|Any CPU
		{573766AB-608F-4E48-AC8A-670C9FAD8EBB}.Debug|Any CPU.Build.0 = Debug|Any CPU
		{573766AB-608F-4E48-AC8A-670C9FAD8EBB}.Debug|iPhone.ActiveCfg = Debug|Any CPU
		{573766AB-608F-4E48-AC8A-670C9FAD8EBB}.Debug|iPhone.Build.0 = Debug|Any CPU
		{573766AB-608F-4E48-AC8A-670C9FAD8EBB}.Debug|iPhoneSimulator.ActiveCfg = Debug|Any CPU
		{573766AB-608F-4E48-AC8A-670C9FAD8EBB}.Debug|iPhoneSimulator.Build.0 = Debug|Any CPU
		{573766AB-608F-4E48-AC8A-670C9FAD8EBB}.Release|Any CPU.ActiveCfg = Release|Any CPU
		{573766AB-608F-4E48-AC8A-670C9FAD8EBB}.Release|Any CPU.Build.0 = Release|Any CPU
		{573766AB-608F-4E48-AC8A-670C9FAD8EBB}.Release|iPhone.ActiveCfg = Release|Any CPU
		{573766AB-608F-4E48-AC8A-670C9FAD8EBB}.Release|iPhone.Build.0 = Release|Any CPU
		{573766AB-608F-4E48-AC8A-670C9FAD8EBB}.Release|iPhoneSimulator.ActiveCfg = Release|Any CPU
		{573766AB-608F-4E48-AC8A-670C9FAD8EBB}.Release|iPhoneSimulator.Build.0 = Release|Any CPU
		{FDECDC7A-70FE-4C5F-9A92-24EE28D8D3FC}.Ad-Hoc|Any CPU.ActiveCfg = Release|Any CPU
		{FDECDC7A-70FE-4C5F-9A92-24EE28D8D3FC}.Ad-Hoc|Any CPU.Build.0 = Release|Any CPU
		{FDECDC7A-70FE-4C5F-9A92-24EE28D8D3FC}.Ad-Hoc|iPhone.ActiveCfg = Release|Any CPU
		{FDECDC7A-70FE-4C5F-9A92-24EE28D8D3FC}.Ad-Hoc|iPhone.Build.0 = Release|Any CPU
		{FDECDC7A-70FE-4C5F-9A92-24EE28D8D3FC}.Ad-Hoc|iPhoneSimulator.ActiveCfg = Release|Any CPU
		{FDECDC7A-70FE-4C5F-9A92-24EE28D8D3FC}.Ad-Hoc|iPhoneSimulator.Build.0 = Release|Any CPU
		{FDECDC7A-70FE-4C5F-9A92-24EE28D8D3FC}.AppStore|Any CPU.ActiveCfg = Release|Any CPU
		{FDECDC7A-70FE-4C5F-9A92-24EE28D8D3FC}.AppStore|Any CPU.Build.0 = Release|Any CPU
		{FDECDC7A-70FE-4C5F-9A92-24EE28D8D3FC}.AppStore|iPhone.ActiveCfg = Release|Any CPU
		{FDECDC7A-70FE-4C5F-9A92-24EE28D8D3FC}.AppStore|iPhone.Build.0 = Release|Any CPU
		{FDECDC7A-70FE-4C5F-9A92-24EE28D8D3FC}.AppStore|iPhoneSimulator.ActiveCfg = Release|Any CPU
		{FDECDC7A-70FE-4C5F-9A92-24EE28D8D3FC}.AppStore|iPhoneSimulator.Build.0 = Release|Any CPU
		{FDECDC7A-70FE-4C5F-9A92-24EE28D8D3FC}.Debug|Any CPU.ActiveCfg = Debug|Any CPU
		{FDECDC7A-70FE-4C5F-9A92-24EE28D8D3FC}.Debug|Any CPU.Build.0 = Debug|Any CPU
		{FDECDC7A-70FE-4C5F-9A92-24EE28D8D3FC}.Debug|iPhone.ActiveCfg = Debug|Any CPU
		{FDECDC7A-70FE-4C5F-9A92-24EE28D8D3FC}.Debug|iPhone.Build.0 = Debug|Any CPU
		{FDECDC7A-70FE-4C5F-9A92-24EE28D8D3FC}.Debug|iPhoneSimulator.ActiveCfg = Debug|Any CPU
		{FDECDC7A-70FE-4C5F-9A92-24EE28D8D3FC}.Debug|iPhoneSimulator.Build.0 = Debug|Any CPU
		{FDECDC7A-70FE-4C5F-9A92-24EE28D8D3FC}.Release|Any CPU.ActiveCfg = Release|Any CPU
		{FDECDC7A-70FE-4C5F-9A92-24EE28D8D3FC}.Release|Any CPU.Build.0 = Release|Any CPU
		{FDECDC7A-70FE-4C5F-9A92-24EE28D8D3FC}.Release|iPhone.ActiveCfg = Release|Any CPU
		{FDECDC7A-70FE-4C5F-9A92-24EE28D8D3FC}.Release|iPhone.Build.0 = Release|Any CPU
		{FDECDC7A-70FE-4C5F-9A92-24EE28D8D3FC}.Release|iPhoneSimulator.ActiveCfg = Release|Any CPU
		{FDECDC7A-70FE-4C5F-9A92-24EE28D8D3FC}.Release|iPhoneSimulator.Build.0 = Release|Any CPU
		{C8CD504A-80D5-4CED-A94D-1DFF4FCE7952}.Ad-Hoc|Any CPU.ActiveCfg = Release|Any CPU
		{C8CD504A-80D5-4CED-A94D-1DFF4FCE7952}.Ad-Hoc|Any CPU.Build.0 = Release|Any CPU
		{C8CD504A-80D5-4CED-A94D-1DFF4FCE7952}.Ad-Hoc|Any CPU.Deploy.0 = Release|Any CPU
		{C8CD504A-80D5-4CED-A94D-1DFF4FCE7952}.Ad-Hoc|iPhone.ActiveCfg = Release|Any CPU
		{C8CD504A-80D5-4CED-A94D-1DFF4FCE7952}.Ad-Hoc|iPhone.Build.0 = Release|Any CPU
		{C8CD504A-80D5-4CED-A94D-1DFF4FCE7952}.Ad-Hoc|iPhone.Deploy.0 = Release|Any CPU
		{C8CD504A-80D5-4CED-A94D-1DFF4FCE7952}.Ad-Hoc|iPhoneSimulator.ActiveCfg = Release|Any CPU
		{C8CD504A-80D5-4CED-A94D-1DFF4FCE7952}.Ad-Hoc|iPhoneSimulator.Build.0 = Release|Any CPU
		{C8CD504A-80D5-4CED-A94D-1DFF4FCE7952}.Ad-Hoc|iPhoneSimulator.Deploy.0 = Release|Any CPU
		{C8CD504A-80D5-4CED-A94D-1DFF4FCE7952}.AppStore|Any CPU.ActiveCfg = Release|Any CPU
		{C8CD504A-80D5-4CED-A94D-1DFF4FCE7952}.AppStore|Any CPU.Build.0 = Release|Any CPU
		{C8CD504A-80D5-4CED-A94D-1DFF4FCE7952}.AppStore|Any CPU.Deploy.0 = Release|Any CPU
		{C8CD504A-80D5-4CED-A94D-1DFF4FCE7952}.AppStore|iPhone.ActiveCfg = Release|Any CPU
		{C8CD504A-80D5-4CED-A94D-1DFF4FCE7952}.AppStore|iPhone.Build.0 = Release|Any CPU
		{C8CD504A-80D5-4CED-A94D-1DFF4FCE7952}.AppStore|iPhone.Deploy.0 = Release|Any CPU
		{C8CD504A-80D5-4CED-A94D-1DFF4FCE7952}.AppStore|iPhoneSimulator.ActiveCfg = Release|Any CPU
		{C8CD504A-80D5-4CED-A94D-1DFF4FCE7952}.AppStore|iPhoneSimulator.Build.0 = Release|Any CPU
		{C8CD504A-80D5-4CED-A94D-1DFF4FCE7952}.AppStore|iPhoneSimulator.Deploy.0 = Release|Any CPU
		{C8CD504A-80D5-4CED-A94D-1DFF4FCE7952}.Debug|Any CPU.ActiveCfg = Debug|Any CPU
		{C8CD504A-80D5-4CED-A94D-1DFF4FCE7952}.Debug|Any CPU.Build.0 = Debug|Any CPU
		{C8CD504A-80D5-4CED-A94D-1DFF4FCE7952}.Debug|Any CPU.Deploy.0 = Debug|Any CPU
		{C8CD504A-80D5-4CED-A94D-1DFF4FCE7952}.Debug|iPhone.ActiveCfg = Debug|Any CPU
		{C8CD504A-80D5-4CED-A94D-1DFF4FCE7952}.Debug|iPhone.Build.0 = Debug|Any CPU
		{C8CD504A-80D5-4CED-A94D-1DFF4FCE7952}.Debug|iPhone.Deploy.0 = Debug|Any CPU
		{C8CD504A-80D5-4CED-A94D-1DFF4FCE7952}.Debug|iPhoneSimulator.ActiveCfg = Debug|Any CPU
		{C8CD504A-80D5-4CED-A94D-1DFF4FCE7952}.Debug|iPhoneSimulator.Build.0 = Debug|Any CPU
		{C8CD504A-80D5-4CED-A94D-1DFF4FCE7952}.Debug|iPhoneSimulator.Deploy.0 = Debug|Any CPU
		{C8CD504A-80D5-4CED-A94D-1DFF4FCE7952}.Release|Any CPU.ActiveCfg = Release|Any CPU
		{C8CD504A-80D5-4CED-A94D-1DFF4FCE7952}.Release|Any CPU.Build.0 = Release|Any CPU
		{C8CD504A-80D5-4CED-A94D-1DFF4FCE7952}.Release|Any CPU.Deploy.0 = Release|Any CPU
		{C8CD504A-80D5-4CED-A94D-1DFF4FCE7952}.Release|iPhone.ActiveCfg = Release|Any CPU
		{C8CD504A-80D5-4CED-A94D-1DFF4FCE7952}.Release|iPhone.Build.0 = Release|Any CPU
		{C8CD504A-80D5-4CED-A94D-1DFF4FCE7952}.Release|iPhone.Deploy.0 = Release|Any CPU
		{C8CD504A-80D5-4CED-A94D-1DFF4FCE7952}.Release|iPhoneSimulator.ActiveCfg = Release|Any CPU
		{C8CD504A-80D5-4CED-A94D-1DFF4FCE7952}.Release|iPhoneSimulator.Build.0 = Release|Any CPU
		{C8CD504A-80D5-4CED-A94D-1DFF4FCE7952}.Release|iPhoneSimulator.Deploy.0 = Release|Any CPU
	EndGlobalSection
	GlobalSection(SolutionProperties) = preSolution
		HideSolutionNode = FALSE
	EndGlobalSection
	GlobalSection(NestedProjects) = preSolution
		{83F16175-43B1-4C90-A1EE-8E351C33435D} = {A6A6AF7D-D6E3-442D-9B1E-58CC91879BE1}
		{8E6D5255-776D-4B61-85F9-73C37AA1FB9A} = {A6A6AF7D-D6E3-442D-9B1E-58CC91879BE1}
		{E789C72A-5CFD-436B-8EF1-61AA2852A89F} = {ED8079DD-2B06-4030-9F0F-DC548F98E1C4}
		{797AED1A-68E1-4110-A62C-917932166B24} = {ED8079DD-2B06-4030-9F0F-DC548F98E1C4}
		{6ED91D96-3519-4BA1-83EA-457FD5EDE893} = {C844E206-BE5F-4335-B8F5-0472CF0A7369}
		{573766AB-608F-4E48-AC8A-670C9FAD8EBB} = {C844E206-BE5F-4335-B8F5-0472CF0A7369}
		{5F57842D-0355-4D32-994B-0FEE2879BA4E} = {C844E206-BE5F-4335-B8F5-0472CF0A7369}
		{C8CD504A-80D5-4CED-A94D-1DFF4FCE7952} = {5F57842D-0355-4D32-994B-0FEE2879BA4E}
	EndGlobalSection
EndGlobal
