Microsoft Visual Studio Solution File, Format Version 12.00
# Visual Studio 15
VisualStudioVersion = 15.0.27130.2024
MinimumVisualStudioVersion = 10.0.40219.1
Project("{2150E333-8FDC-42A3-9474-1A3956D46DE8}") = ".paket", ".paket", "{63297B98-5CED-492C-A5B7-A5B4F73CF142}"
	ProjectSection(SolutionItems) = preProject
		paket.dependencies = paket.dependencies
		paket.lock = paket.lock
	EndProjectSection
EndProject
Project("{2150E333-8FDC-42A3-9474-1A3956D46DE8}") = "docs", "docs", "{A6A6AF7D-D6E3-442D-9B1E-58CC91879BE1}"
EndProject
Project("{6EC3EE1D-3C4E-46DD-8F32-0CC8E7565705}") = "Gjallarhorn", "src\Gjallarhorn\Gjallarhorn.fsproj", "{41FAB705-05F3-45AE-99EF-524E6D9736FF}"
EndProject
Project("{2150E333-8FDC-42A3-9474-1A3956D46DE8}") = "project", "project", "{BF60BC93-E09B-4E5F-9D85-95A519479D54}"
	ProjectSection(SolutionItems) = preProject
		build.fsx = build.fsx
		nuget\Gjallarhorn.nuspec = nuget\Gjallarhorn.nuspec
		LICENSE.txt = LICENSE.txt
		README.md = README.md
		RELEASE_NOTES.md = RELEASE_NOTES.md
	EndProjectSection
EndProject
Project("{2150E333-8FDC-42A3-9474-1A3956D46DE8}") = "tools", "tools", "{83F16175-43B1-4C90-A1EE-8E351C33435D}"
	ProjectSection(SolutionItems) = preProject
		docs\tools\generate.fsx = docs\tools\generate.fsx
		docs\tools\templates\template.cshtml = docs\tools\templates\template.cshtml
	EndProjectSection
EndProject
Project("{2150E333-8FDC-42A3-9474-1A3956D46DE8}") = "content", "content", "{8E6D5255-776D-4B61-85F9-73C37AA1FB9A}"
	ProjectSection(SolutionItems) = preProject
		docs\content\index.fsx = docs\content\index.fsx
		docs\content\intro.fsx = docs\content\intro.fsx
		docs\content\mutables.fsx = docs\content\mutables.fsx
		docs\content\signals.fsx = docs\content\signals.fsx
		docs\content\validate_types.fsx = docs\content\validate_types.fsx
		docs\content\validation.fsx = docs\content\validation.fsx
	EndProjectSection
EndProject
Project("{2150E333-8FDC-42A3-9474-1A3956D46DE8}") = "tests", "tests", "{ED8079DD-2B06-4030-9F0F-DC548F98E1C4}"
EndProject
Project("{2150E333-8FDC-42A3-9474-1A3956D46DE8}") = "samples", "samples", "{C844E206-BE5F-4335-B8F5-0472CF0A7369}"
EndProject
Project("{F2A71F9B-5D33-465A-A702-920D77279786}") = "Gjallarhorn.ReferenceDocumentation", "src\Gjallarhorn.ReferenceDocumentation\Gjallarhorn.ReferenceDocumentation.fsproj", "{5ACE0621-55CC-4DCD-A159-D7AB7D3057C6}"
EndProject
Project("{FAE04EC0-301F-11D3-BF4B-00C04F79EFBC}") = "Gjallarhorn.Linq.Tests", "tests\Gjallarhorn.Linq.Tests\Gjallarhorn.Linq.Tests.csproj", "{C06ADA6F-044B-47FD-B2BD-B3C20ECD2ACB}"
EndProject
Project("{F2A71F9B-5D33-465A-A702-920D77279786}") = "Gjallarhorn.Tests", "tests\Gjallarhorn.Tests\Gjallarhorn.Tests.fsproj", "{6C4B7CFA-6F41-45D9-B7A8-59AD7C871DD9}"
EndProject
Global
	GlobalSection(SolutionConfigurationPlatforms) = preSolution
		Ad-Hoc|Any CPU = Ad-Hoc|Any CPU
		Ad-Hoc|iPhone = Ad-Hoc|iPhone
		Ad-Hoc|iPhoneSimulator = Ad-Hoc|iPhoneSimulator
		AppStore|Any CPU = AppStore|Any CPU
		AppStore|iPhone = AppStore|iPhone
		AppStore|iPhoneSimulator = AppStore|iPhoneSimulator
		Debug|Any CPU = Debug|Any CPU
		Debug|iPhone = Debug|iPhone
		Debug|iPhoneSimulator = Debug|iPhoneSimulator
		Release|Any CPU = Release|Any CPU
		Release|iPhone = Release|iPhone
		Release|iPhoneSimulator = Release|iPhoneSimulator
	EndGlobalSection
	GlobalSection(ProjectConfigurationPlatforms) = postSolution
		{41FAB705-05F3-45AE-99EF-524E6D9736FF}.Ad-Hoc|Any CPU.ActiveCfg = Release|Any CPU
		{41FAB705-05F3-45AE-99EF-524E6D9736FF}.Ad-Hoc|Any CPU.Build.0 = Release|Any CPU
		{41FAB705-05F3-45AE-99EF-524E6D9736FF}.Ad-Hoc|iPhone.ActiveCfg = Release|Any CPU
		{41FAB705-05F3-45AE-99EF-524E6D9736FF}.Ad-Hoc|iPhone.Build.0 = Release|Any CPU
		{41FAB705-05F3-45AE-99EF-524E6D9736FF}.Ad-Hoc|iPhoneSimulator.ActiveCfg = Release|Any CPU
		{41FAB705-05F3-45AE-99EF-524E6D9736FF}.Ad-Hoc|iPhoneSimulator.Build.0 = Release|Any CPU
		{41FAB705-05F3-45AE-99EF-524E6D9736FF}.AppStore|Any CPU.ActiveCfg = Release|Any CPU
		{41FAB705-05F3-45AE-99EF-524E6D9736FF}.AppStore|Any CPU.Build.0 = Release|Any CPU
		{41FAB705-05F3-45AE-99EF-524E6D9736FF}.AppStore|iPhone.ActiveCfg = Release|Any CPU
		{41FAB705-05F3-45AE-99EF-524E6D9736FF}.AppStore|iPhone.Build.0 = Release|Any CPU
		{41FAB705-05F3-45AE-99EF-524E6D9736FF}.AppStore|iPhoneSimulator.ActiveCfg = Release|Any CPU
		{41FAB705-05F3-45AE-99EF-524E6D9736FF}.AppStore|iPhoneSimulator.Build.0 = Release|Any CPU
		{41FAB705-05F3-45AE-99EF-524E6D9736FF}.Debug|Any CPU.ActiveCfg = Debug|Any CPU
		{41FAB705-05F3-45AE-99EF-524E6D9736FF}.Debug|Any CPU.Build.0 = Debug|Any CPU
		{41FAB705-05F3-45AE-99EF-524E6D9736FF}.Debug|iPhone.ActiveCfg = Debug|Any CPU
		{41FAB705-05F3-45AE-99EF-524E6D9736FF}.Debug|iPhone.Build.0 = Debug|Any CPU
		{41FAB705-05F3-45AE-99EF-524E6D9736FF}.Debug|iPhoneSimulator.ActiveCfg = Debug|Any CPU
		{41FAB705-05F3-45AE-99EF-524E6D9736FF}.Debug|iPhoneSimulator.Build.0 = Debug|Any CPU
		{41FAB705-05F3-45AE-99EF-524E6D9736FF}.Release|Any CPU.ActiveCfg = Release|Any CPU
		{41FAB705-05F3-45AE-99EF-524E6D9736FF}.Release|Any CPU.Build.0 = Release|Any CPU
		{41FAB705-05F3-45AE-99EF-524E6D9736FF}.Release|iPhone.ActiveCfg = Release|Any CPU
		{41FAB705-05F3-45AE-99EF-524E6D9736FF}.Release|iPhone.Build.0 = Release|Any CPU
		{41FAB705-05F3-45AE-99EF-524E6D9736FF}.Release|iPhoneSimulator.ActiveCfg = Release|Any CPU
		{41FAB705-05F3-45AE-99EF-524E6D9736FF}.Release|iPhoneSimulator.Build.0 = Release|Any CPU
		{5ACE0621-55CC-4DCD-A159-D7AB7D3057C6}.Ad-Hoc|Any CPU.ActiveCfg = Release|Any CPU
		{5ACE0621-55CC-4DCD-A159-D7AB7D3057C6}.Ad-Hoc|Any CPU.Build.0 = Release|Any CPU
		{5ACE0621-55CC-4DCD-A159-D7AB7D3057C6}.Ad-Hoc|iPhone.ActiveCfg = Release|Any CPU
		{5ACE0621-55CC-4DCD-A159-D7AB7D3057C6}.Ad-Hoc|iPhone.Build.0 = Release|Any CPU
		{5ACE0621-55CC-4DCD-A159-D7AB7D3057C6}.Ad-Hoc|iPhoneSimulator.ActiveCfg = Release|Any CPU
		{5ACE0621-55CC-4DCD-A159-D7AB7D3057C6}.Ad-Hoc|iPhoneSimulator.Build.0 = Release|Any CPU
		{5ACE0621-55CC-4DCD-A159-D7AB7D3057C6}.AppStore|Any CPU.ActiveCfg = Release|Any CPU
		{5ACE0621-55CC-4DCD-A159-D7AB7D3057C6}.AppStore|Any CPU.Build.0 = Release|Any CPU
		{5ACE0621-55CC-4DCD-A159-D7AB7D3057C6}.AppStore|iPhone.ActiveCfg = Release|Any CPU
		{5ACE0621-55CC-4DCD-A159-D7AB7D3057C6}.AppStore|iPhone.Build.0 = Release|Any CPU
		{5ACE0621-55CC-4DCD-A159-D7AB7D3057C6}.AppStore|iPhoneSimulator.ActiveCfg = Release|Any CPU
		{5ACE0621-55CC-4DCD-A159-D7AB7D3057C6}.AppStore|iPhoneSimulator.Build.0 = Release|Any CPU
		{5ACE0621-55CC-4DCD-A159-D7AB7D3057C6}.Debug|Any CPU.ActiveCfg = Debug|Any CPU
		{5ACE0621-55CC-4DCD-A159-D7AB7D3057C6}.Debug|Any CPU.Build.0 = Debug|Any CPU
		{5ACE0621-55CC-4DCD-A159-D7AB7D3057C6}.Debug|iPhone.ActiveCfg = Debug|Any CPU
		{5ACE0621-55CC-4DCD-A159-D7AB7D3057C6}.Debug|iPhone.Build.0 = Debug|Any CPU
		{5ACE0621-55CC-4DCD-A159-D7AB7D3057C6}.Debug|iPhoneSimulator.ActiveCfg = Debug|Any CPU
		{5ACE0621-55CC-4DCD-A159-D7AB7D3057C6}.Debug|iPhoneSimulator.Build.0 = Debug|Any CPU
		{5ACE0621-55CC-4DCD-A159-D7AB7D3057C6}.Release|Any CPU.ActiveCfg = Release|Any CPU
		{5ACE0621-55CC-4DCD-A159-D7AB7D3057C6}.Release|Any CPU.Build.0 = Release|Any CPU
		{5ACE0621-55CC-4DCD-A159-D7AB7D3057C6}.Release|iPhone.ActiveCfg = Release|Any CPU
		{5ACE0621-55CC-4DCD-A159-D7AB7D3057C6}.Release|iPhone.Build.0 = Release|Any CPU
		{5ACE0621-55CC-4DCD-A159-D7AB7D3057C6}.Release|iPhoneSimulator.ActiveCfg = Release|Any CPU
		{5ACE0621-55CC-4DCD-A159-D7AB7D3057C6}.Release|iPhoneSimulator.Build.0 = Release|Any CPU
		{C06ADA6F-044B-47FD-B2BD-B3C20ECD2ACB}.Ad-Hoc|Any CPU.ActiveCfg = Release|Any CPU
		{C06ADA6F-044B-47FD-B2BD-B3C20ECD2ACB}.Ad-Hoc|Any CPU.Build.0 = Release|Any CPU
		{C06ADA6F-044B-47FD-B2BD-B3C20ECD2ACB}.Ad-Hoc|iPhone.ActiveCfg = Release|Any CPU
		{C06ADA6F-044B-47FD-B2BD-B3C20ECD2ACB}.Ad-Hoc|iPhone.Build.0 = Release|Any CPU
		{C06ADA6F-044B-47FD-B2BD-B3C20ECD2ACB}.Ad-Hoc|iPhoneSimulator.ActiveCfg = Release|Any CPU
		{C06ADA6F-044B-47FD-B2BD-B3C20ECD2ACB}.Ad-Hoc|iPhoneSimulator.Build.0 = Release|Any CPU
		{C06ADA6F-044B-47FD-B2BD-B3C20ECD2ACB}.AppStore|Any CPU.ActiveCfg = Release|Any CPU
		{C06ADA6F-044B-47FD-B2BD-B3C20ECD2ACB}.AppStore|Any CPU.Build.0 = Release|Any CPU
		{C06ADA6F-044B-47FD-B2BD-B3C20ECD2ACB}.AppStore|iPhone.ActiveCfg = Release|Any CPU
		{C06ADA6F-044B-47FD-B2BD-B3C20ECD2ACB}.AppStore|iPhone.Build.0 = Release|Any CPU
		{C06ADA6F-044B-47FD-B2BD-B3C20ECD2ACB}.AppStore|iPhoneSimulator.ActiveCfg = Release|Any CPU
		{C06ADA6F-044B-47FD-B2BD-B3C20ECD2ACB}.AppStore|iPhoneSimulator.Build.0 = Release|Any CPU
		{C06ADA6F-044B-47FD-B2BD-B3C20ECD2ACB}.Debug|Any CPU.ActiveCfg = Debug|Any CPU
		{C06ADA6F-044B-47FD-B2BD-B3C20ECD2ACB}.Debug|Any CPU.Build.0 = Debug|Any CPU
		{C06ADA6F-044B-47FD-B2BD-B3C20ECD2ACB}.Debug|iPhone.ActiveCfg = Debug|Any CPU
		{C06ADA6F-044B-47FD-B2BD-B3C20ECD2ACB}.Debug|iPhone.Build.0 = Debug|Any CPU
		{C06ADA6F-044B-47FD-B2BD-B3C20ECD2ACB}.Debug|iPhoneSimulator.ActiveCfg = Debug|Any CPU
		{C06ADA6F-044B-47FD-B2BD-B3C20ECD2ACB}.Debug|iPhoneSimulator.Build.0 = Debug|Any CPU
		{C06ADA6F-044B-47FD-B2BD-B3C20ECD2ACB}.Release|Any CPU.ActiveCfg = Release|Any CPU
		{C06ADA6F-044B-47FD-B2BD-B3C20ECD2ACB}.Release|Any CPU.Build.0 = Release|Any CPU
		{C06ADA6F-044B-47FD-B2BD-B3C20ECD2ACB}.Release|iPhone.ActiveCfg = Release|Any CPU
		{C06ADA6F-044B-47FD-B2BD-B3C20ECD2ACB}.Release|iPhone.Build.0 = Release|Any CPU
		{C06ADA6F-044B-47FD-B2BD-B3C20ECD2ACB}.Release|iPhoneSimulator.ActiveCfg = Release|Any CPU
		{C06ADA6F-044B-47FD-B2BD-B3C20ECD2ACB}.Release|iPhoneSimulator.Build.0 = Release|Any CPU
		{6C4B7CFA-6F41-45D9-B7A8-59AD7C871DD9}.Ad-Hoc|Any CPU.ActiveCfg = Release|Any CPU
		{6C4B7CFA-6F41-45D9-B7A8-59AD7C871DD9}.Ad-Hoc|Any CPU.Build.0 = Release|Any CPU
		{6C4B7CFA-6F41-45D9-B7A8-59AD7C871DD9}.Ad-Hoc|iPhone.ActiveCfg = Release|Any CPU
		{6C4B7CFA-6F41-45D9-B7A8-59AD7C871DD9}.Ad-Hoc|iPhone.Build.0 = Release|Any CPU
		{6C4B7CFA-6F41-45D9-B7A8-59AD7C871DD9}.Ad-Hoc|iPhoneSimulator.ActiveCfg = Release|Any CPU
		{6C4B7CFA-6F41-45D9-B7A8-59AD7C871DD9}.Ad-Hoc|iPhoneSimulator.Build.0 = Release|Any CPU
		{6C4B7CFA-6F41-45D9-B7A8-59AD7C871DD9}.AppStore|Any CPU.ActiveCfg = Release|Any CPU
		{6C4B7CFA-6F41-45D9-B7A8-59AD7C871DD9}.AppStore|Any CPU.Build.0 = Release|Any CPU
		{6C4B7CFA-6F41-45D9-B7A8-59AD7C871DD9}.AppStore|iPhone.ActiveCfg = Release|Any CPU
		{6C4B7CFA-6F41-45D9-B7A8-59AD7C871DD9}.AppStore|iPhone.Build.0 = Release|Any CPU
		{6C4B7CFA-6F41-45D9-B7A8-59AD7C871DD9}.AppStore|iPhoneSimulator.ActiveCfg = Release|Any CPU
		{6C4B7CFA-6F41-45D9-B7A8-59AD7C871DD9}.AppStore|iPhoneSimulator.Build.0 = Release|Any CPU
		{6C4B7CFA-6F41-45D9-B7A8-59AD7C871DD9}.Debug|Any CPU.ActiveCfg = Debug|Any CPU
		{6C4B7CFA-6F41-45D9-B7A8-59AD7C871DD9}.Debug|Any CPU.Build.0 = Debug|Any CPU
		{6C4B7CFA-6F41-45D9-B7A8-59AD7C871DD9}.Debug|iPhone.ActiveCfg = Debug|Any CPU
		{6C4B7CFA-6F41-45D9-B7A8-59AD7C871DD9}.Debug|iPhone.Build.0 = Debug|Any CPU
		{6C4B7CFA-6F41-45D9-B7A8-59AD7C871DD9}.Debug|iPhoneSimulator.ActiveCfg = Debug|Any CPU
		{6C4B7CFA-6F41-45D9-B7A8-59AD7C871DD9}.Debug|iPhoneSimulator.Build.0 = Debug|Any CPU
		{6C4B7CFA-6F41-45D9-B7A8-59AD7C871DD9}.Release|Any CPU.ActiveCfg = Release|Any CPU
		{6C4B7CFA-6F41-45D9-B7A8-59AD7C871DD9}.Release|Any CPU.Build.0 = Release|Any CPU
		{6C4B7CFA-6F41-45D9-B7A8-59AD7C871DD9}.Release|iPhone.ActiveCfg = Release|Any CPU
		{6C4B7CFA-6F41-45D9-B7A8-59AD7C871DD9}.Release|iPhone.Build.0 = Release|Any CPU
		{6C4B7CFA-6F41-45D9-B7A8-59AD7C871DD9}.Release|iPhoneSimulator.ActiveCfg = Release|Any CPU
		{6C4B7CFA-6F41-45D9-B7A8-59AD7C871DD9}.Release|iPhoneSimulator.Build.0 = Release|Any CPU
	EndGlobalSection
	GlobalSection(SolutionProperties) = preSolution
		HideSolutionNode = FALSE
	EndGlobalSection
	GlobalSection(NestedProjects) = preSolution
		{83F16175-43B1-4C90-A1EE-8E351C33435D} = {A6A6AF7D-D6E3-442D-9B1E-58CC91879BE1}
		{8E6D5255-776D-4B61-85F9-73C37AA1FB9A} = {A6A6AF7D-D6E3-442D-9B1E-58CC91879BE1}
		{C06ADA6F-044B-47FD-B2BD-B3C20ECD2ACB} = {ED8079DD-2B06-4030-9F0F-DC548F98E1C4}
		{6C4B7CFA-6F41-45D9-B7A8-59AD7C871DD9} = {ED8079DD-2B06-4030-9F0F-DC548F98E1C4}
	EndGlobalSection
	GlobalSection(ExtensibilityGlobals) = postSolution
		SolutionGuid = {4182252C-17A1-4F04-B4E2-84A045EBC91E}
	EndGlobalSection
EndGlobal
